Microsoft Visual Studio Solution File, Format Version 8.00
Project("{8BC9CEB8-8B4A-11D0-8D11-00A0C91BC942}") = "Installer", "Installer\Installer.vcproj", "{C7C053CC-FDDC-4398-881E-F31FF82340BD}"
	ProjectSection(ProjectDependencies) = postProject
	EndProjectSection
EndProject
Project("{8BC9CEB8-8B4A-11D0-8D11-00A0C91BC942}") = "ChewingIME", "ChewingIME\ChewingIME.vcproj", "{517658CE-EFFE-4C17-BF82-55F743CB3123}"
	ProjectSection(ProjectDependencies) = postProject
	EndProjectSection
EndProject
Project("{8BC9CEB8-8B4A-11D0-8D11-00A0C91BC942}") = "libChewing", "..\libchewing\branches\win32\win32\libChewing.vcproj", "{AF909FB6-6C9F-4218-B360-4FDBEA1F7062}"
	ProjectSection(ProjectDependencies) = postProject
	EndProjectSection
EndProject
Project("{8BC9CEB8-8B4A-11D0-8D11-00A0C91BC942}") = "ChewingServer", "ChewingServer\ChewingServer.vcproj", "{FF074876-659D-4BFD-9361-6E22C99BABE2}"
	ProjectSection(ProjectDependencies) = postProject
	EndProjectSection
EndProject
Global
	GlobalSection(SolutionConfiguration) = preSolution
		Debug = Debug
		Release = Release
	EndGlobalSection
	GlobalSection(ProjectConfiguration) = postSolution
		{C7C053CC-FDDC-4398-881E-F31FF82340BD}.Debug.ActiveCfg = Debug|Win32
		{C7C053CC-FDDC-4398-881E-F31FF82340BD}.Release.ActiveCfg = Release|Win32
		{517658CE-EFFE-4C17-BF82-55F743CB3123}.Debug.ActiveCfg = Debug|Win32
		{517658CE-EFFE-4C17-BF82-55F743CB3123}.Debug.Build.0 = Debug|Win32
		{517658CE-EFFE-4C17-BF82-55F743CB3123}.Release.ActiveCfg = Release|Win32
		{517658CE-EFFE-4C17-BF82-55F743CB3123}.Release.Build.0 = Release|Win32
		{AF909FB6-6C9F-4218-B360-4FDBEA1F7062}.Debug.ActiveCfg = Debug|Win32
		{AF909FB6-6C9F-4218-B360-4FDBEA1F7062}.Debug.Build.0 = Debug|Win32
		{AF909FB6-6C9F-4218-B360-4FDBEA1F7062}.Release.ActiveCfg = Release|Win32
		{FF074876-659D-4BFD-9361-6E22C99BABE2}.Debug.ActiveCfg = Debug|Win32
		{FF074876-659D-4BFD-9361-6E22C99BABE2}.Debug.Build.0 = Debug|Win32
		{FF074876-659D-4BFD-9361-6E22C99BABE2}.Release.ActiveCfg = Release|Win32
		{FF074876-659D-4BFD-9361-6E22C99BABE2}.Release.Build.0 = Release|Win32
	EndGlobalSection
	GlobalSection(ExtensibilityGlobals) = postSolution
	EndGlobalSection
	GlobalSection(ExtensibilityAddIns) = postSolution
	EndGlobalSection
EndGlobal
