<?xml version="1.0" encoding="utf-8"?>
<Project ToolsVersion="4.0" xmlns="http://schemas.microsoft.com/developer/msbuild/2003">
  <ItemGroup>
    <Filter Include="Source Files">
      <UniqueIdentifier>{3cae30ad-0222-49be-ae59-b5a0d4bdd0e7}</UniqueIdentifier>
      <Extensions>cpp;c;cxx;rc;def;r;odl;idl;hpj;bat</Extensions>
    </Filter>
    <Filter Include="Header Files">
      <UniqueIdentifier>{5b7f849e-10e5-42b7-ab17-338b5647e61b}</UniqueIdentifier>
      <Extensions>h;hpp;hxx;hm;inl</Extensions>
    </Filter>
    <Filter Include="Resource Files">
      <UniqueIdentifier>{f0561c7e-4a67-407e-b9b7-143394668382}</UniqueIdentifier>
      <Extensions>ico;cur;bmp;dlg;rc2;rct;bin;rgs;gif;jpg;jpeg;jpe</Extensions>
    </Filter>
  </ItemGroup>
  <ItemGroup>
    <ClCompile Include="CHashContext.cpp">
      <Filter>Source Files</Filter>
    </ClCompile>
    <ClCompile Include="$(ProjectDir)..\..\libchewing\src\common\chewing-utf8-util.c">
      <Filter>Source Files</Filter>
    </ClCompile>
    <ClCompile Include="$(ProjectDir)..\..\libchewing\src\hash.c">
      <Filter>Source Files</Filter>
    </ClCompile>
    <ClCompile Include="HashEd.cpp">
      <Filter>Source Files</Filter>
    </ClCompile>
    <ClCompile Include="HashEdDlg.cpp">
      <Filter>Source Files</Filter>
    </ClCompile>
    <ClCompile Include="$(ProjectDir)..\..\libchewing\src\common\key2pho.c">
      <Filter>Source Files</Filter>
    </ClCompile>
    <ClCompile Include="PhraseList.cpp">
      <Filter>Source Files</Filter>
    </ClCompile>
    <ClCompile Include="StdAfx.cpp">
      <Filter>Source Files</Filter>
    </ClCompile>
  </ItemGroup>
  <ItemGroup>
    <ResourceCompile Include="HashEd.rc">
      <Filter>Source Files</Filter>
    </ResourceCompile>
  </ItemGroup>
  <ItemGroup>
    <ClInclude Include="CHashContext.h">
      <Filter>Header Files</Filter>
    </ClInclude>
    <ClInclude Include="$(ProjectDir)..\..\libchewing\include\global.h">
      <Filter>Header Files</Filter>
    </ClInclude>
    <ClInclude Include="HashEd.h">
      <Filter>Header Files</Filter>
    </ClInclude>
    <ClInclude Include="HashEdDlg.h">
      <Filter>Header Files</Filter>
    </ClInclude>
    <ClInclude Include="HashEdit.h">
      <Filter>Header Files</Filter>
    </ClInclude>
    <ClInclude Include="Pho2Chewing.h">
      <Filter>Header Files</Filter>
    </ClInclude>
    <ClInclude Include="PhraseList.h">
      <Filter>Header Files</Filter>
    </ClInclude>
    <ClInclude Include="Resource.h">
      <Filter>Header Files</Filter>
    </ClInclude>
    <ClInclude Include="StdAfx.h">
      <Filter>Header Files</Filter>
    </ClInclude>
  </ItemGroup>
  <ItemGroup>
    <Image Include="res\HashEd.ico">
      <Filter>Resource Files</Filter>
    </Image>
    <Image Include="icon.bmp">
      <Filter>Resource Files</Filter>
    </Image>
  </ItemGroup>
  <ItemGroup>
    <None Include="res\HashEd.rc2">
      <Filter>Resource Files</Filter>
    </None>
  </ItemGroup>
  <ItemGroup>
    <Manifest Include="HashEd.exe.manifest" />
  </ItemGroup>
  <ItemGroup>
    <Text Include="ReadMe.txt" />
  </ItemGroup>
</Project>